
Microsoft Visual Studio Solution File, Format Version 12.00
# Visual Studio Version 16
VisualStudioVersion = 16.0.29728.190
MinimumVisualStudioVersion = 10.0.40219.1
Project("{FAE04EC0-301F-11D3-BF4B-00C04F79EFBC}") = "01. Encrypt, Sort and Print Array", "01. Encrypt, Sort and Print Array\01. Encrypt, Sort and Print Array.csproj", "{711CEA9D-E288-48E9-8F25-9353D4156C24}"
EndProject
Project("{FAE04EC0-301F-11D3-BF4B-00C04F79EFBC}") = "02. Pascal Triangle", "02. Pascal Triangle\02. Pascal Triangle.csproj", "{8FB4195B-577E-49DA-83EC-E1EEDF563F6E}"
EndProject
Project("{FAE04EC0-301F-11D3-BF4B-00C04F79EFBC}") = "03. Recursive Fibonacci", "03. Recursive Fibonacci\03. Recursive Fibonacci.csproj", "{7E67AF38-3806-48C0-81F6-F1AD16B8744D}"
EndProject
Project("{FAE04EC0-301F-11D3-BF4B-00C04F79EFBC}") = "04. Fold and Sum", "04. Fold and Sum\04. Fold and Sum.csproj", "{9E1DB18C-7C67-4E58-8206-7C88562A7CC9}"
EndProject
Project("{FAE04EC0-301F-11D3-BF4B-00C04F79EFBC}") = "05. Longest Increasing Subsequence", "05. Longest Increasing Subsequence\05. Longest Increasing Subsequence.csproj", "{5010EBF1-E4D4-481D-90B9-1985E7841042}"
EndProject
Global
	GlobalSection(SolutionConfigurationPlatforms) = preSolution
		Debug|Any CPU = Debug|Any CPU
		Release|Any CPU = Release|Any CPU
	EndGlobalSection
	GlobalSection(ProjectConfigurationPlatforms) = postSolution
		{711CEA9D-E288-48E9-8F25-9353D4156C24}.Debug|Any CPU.ActiveCfg = Debug|Any CPU
		{711CEA9D-E288-48E9-8F25-9353D4156C24}.Debug|Any CPU.Build.0 = Debug|Any CPU
		{711CEA9D-E288-48E9-8F25-9353D4156C24}.Release|Any CPU.ActiveCfg = Release|Any CPU
		{711CEA9D-E288-48E9-8F25-9353D4156C24}.Release|Any CPU.Build.0 = Release|Any CPU
		{8FB4195B-577E-49DA-83EC-E1EEDF563F6E}.Debug|Any CPU.ActiveCfg = Debug|Any CPU
		{8FB4195B-577E-49DA-83EC-E1EEDF563F6E}.Debug|Any CPU.Build.0 = Debug|Any CPU
		{8FB4195B-577E-49DA-83EC-E1EEDF563F6E}.Release|Any CPU.ActiveCfg = Release|Any CPU
		{8FB4195B-577E-49DA-83EC-E1EEDF563F6E}.Release|Any CPU.Build.0 = Release|Any CPU
		{7E67AF38-3806-48C0-81F6-F1AD16B8744D}.Debug|Any CPU.ActiveCfg = Debug|Any CPU
		{7E67AF38-3806-48C0-81F6-F1AD16B8744D}.Debug|Any CPU.Build.0 = Debug|Any CPU
		{7E67AF38-3806-48C0-81F6-F1AD16B8744D}.Release|Any CPU.ActiveCfg = Release|Any CPU
		{7E67AF38-3806-48C0-81F6-F1AD16B8744D}.Release|Any CPU.Build.0 = Release|Any CPU
		{9E1DB18C-7C67-4E58-8206-7C88562A7CC9}.Debug|Any CPU.ActiveCfg = Debug|Any CPU
		{9E1DB18C-7C67-4E58-8206-7C88562A7CC9}.Debug|Any CPU.Build.0 = Debug|Any CPU
		{9E1DB18C-7C67-4E58-8206-7C88562A7CC9}.Release|Any CPU.ActiveCfg = Release|Any CPU
		{9E1DB18C-7C67-4E58-8206-7C88562A7CC9}.Release|Any CPU.Build.0 = Release|Any CPU
		{5010EBF1-E4D4-481D-90B9-1985E7841042}.Debug|Any CPU.ActiveCfg = Debug|Any CPU
		{5010EBF1-E4D4-481D-90B9-1985E7841042}.Debug|Any CPU.Build.0 = Debug|Any CPU
		{5010EBF1-E4D4-481D-90B9-1985E7841042}.Release|Any CPU.ActiveCfg = Release|Any CPU
		{5010EBF1-E4D4-481D-90B9-1985E7841042}.Release|Any CPU.Build.0 = Release|Any CPU
	EndGlobalSection
	GlobalSection(SolutionProperties) = preSolution
		HideSolutionNode = FALSE
	EndGlobalSection
	GlobalSection(ExtensibilityGlobals) = postSolution
		SolutionGuid = {1E6C8900-AADF-46F5-971C-28F1032D6C55}
	EndGlobalSection
EndGlobal
