
Microsoft Visual Studio Solution File, Format Version 12.00
# Visual Studio Version 16
VisualStudioVersion = 16.0.29728.190
MinimumVisualStudioVersion = 10.0.40219.1
Project("{FAE04EC0-301F-11D3-BF4B-00C04F79EFBC}") = "01. Messaging", "01. Messaging\01. Messaging.csproj", "{436065C1-DDCD-4DFA-B14E-3E216AFC0FDE}"
EndProject
Project("{FAE04EC0-301F-11D3-BF4B-00C04F79EFBC}") = "02. Car Race", "02. Car Race\02. Car Race.csproj", "{D352E3DD-3211-4CF2-83F4-EDF44B4D922E}"
EndProject
Project("{FAE04EC0-301F-11D3-BF4B-00C04F79EFBC}") = "03. Take Skip Rope", "03. Take Skip Rope\03. Take Skip Rope.csproj", "{A3E31EB6-C6E6-46BC-8E34-20F5F5345FC5}"
EndProject
Project("{FAE04EC0-301F-11D3-BF4B-00C04F79EFBC}") = "04. Mixed up Lists", "04. Mixed up Lists\04. Mixed up Lists.csproj", "{C0A7C4F9-0EB0-4166-B4BC-D0F056A0C06C}"
EndProject
Project("{FAE04EC0-301F-11D3-BF4B-00C04F79EFBC}") = "05. Drum Set", "05. Drum Set\05. Drum Set.csproj", "{8EBFC041-CE24-490A-9C0A-963E5C64DE11}"
EndProject
Global
	GlobalSection(SolutionConfigurationPlatforms) = preSolution
		Debug|Any CPU = Debug|Any CPU
		Release|Any CPU = Release|Any CPU
	EndGlobalSection
	GlobalSection(ProjectConfigurationPlatforms) = postSolution
		{436065C1-DDCD-4DFA-B14E-3E216AFC0FDE}.Debug|Any CPU.ActiveCfg = Debug|Any CPU
		{436065C1-DDCD-4DFA-B14E-3E216AFC0FDE}.Debug|Any CPU.Build.0 = Debug|Any CPU
		{436065C1-DDCD-4DFA-B14E-3E216AFC0FDE}.Release|Any CPU.ActiveCfg = Release|Any CPU
		{436065C1-DDCD-4DFA-B14E-3E216AFC0FDE}.Release|Any CPU.Build.0 = Release|Any CPU
		{D352E3DD-3211-4CF2-83F4-EDF44B4D922E}.Debug|Any CPU.ActiveCfg = Debug|Any CPU
		{D352E3DD-3211-4CF2-83F4-EDF44B4D922E}.Debug|Any CPU.Build.0 = Debug|Any CPU
		{D352E3DD-3211-4CF2-83F4-EDF44B4D922E}.Release|Any CPU.ActiveCfg = Release|Any CPU
		{D352E3DD-3211-4CF2-83F4-EDF44B4D922E}.Release|Any CPU.Build.0 = Release|Any CPU
		{A3E31EB6-C6E6-46BC-8E34-20F5F5345FC5}.Debug|Any CPU.ActiveCfg = Debug|Any CPU
		{A3E31EB6-C6E6-46BC-8E34-20F5F5345FC5}.Debug|Any CPU.Build.0 = Debug|Any CPU
		{A3E31EB6-C6E6-46BC-8E34-20F5F5345FC5}.Release|Any CPU.ActiveCfg = Release|Any CPU
		{A3E31EB6-C6E6-46BC-8E34-20F5F5345FC5}.Release|Any CPU.Build.0 = Release|Any CPU
		{C0A7C4F9-0EB0-4166-B4BC-D0F056A0C06C}.Debug|Any CPU.ActiveCfg = Debug|Any CPU
		{C0A7C4F9-0EB0-4166-B4BC-D0F056A0C06C}.Debug|Any CPU.Build.0 = Debug|Any CPU
		{C0A7C4F9-0EB0-4166-B4BC-D0F056A0C06C}.Release|Any CPU.ActiveCfg = Release|Any CPU
		{C0A7C4F9-0EB0-4166-B4BC-D0F056A0C06C}.Release|Any CPU.Build.0 = Release|Any CPU
		{8EBFC041-CE24-490A-9C0A-963E5C64DE11}.Debug|Any CPU.ActiveCfg = Debug|Any CPU
		{8EBFC041-CE24-490A-9C0A-963E5C64DE11}.Debug|Any CPU.Build.0 = Debug|Any CPU
		{8EBFC041-CE24-490A-9C0A-963E5C64DE11}.Release|Any CPU.ActiveCfg = Release|Any CPU
		{8EBFC041-CE24-490A-9C0A-963E5C64DE11}.Release|Any CPU.Build.0 = Release|Any CPU
	EndGlobalSection
	GlobalSection(SolutionProperties) = preSolution
		HideSolutionNode = FALSE
	EndGlobalSection
	GlobalSection(ExtensibilityGlobals) = postSolution
		SolutionGuid = {DACC09FF-F5EA-418C-A396-51D11EE58C61}
	EndGlobalSection
EndGlobal
