
Microsoft Visual Studio Solution File, Format Version 12.00
# Visual Studio Version 16
VisualStudioVersion = 16.0.29728.190
MinimumVisualStudioVersion = 10.0.40219.1
Project("{FAE04EC0-301F-11D3-BF4B-00C04F79EFBC}") = "01. Extract Person Information", "01. Extract Person Information\01. Extract Person Information.csproj", "{9A32CDFA-E904-4ABA-85F1-21788A4B9DA6}"
EndProject
Project("{FAE04EC0-301F-11D3-BF4B-00C04F79EFBC}") = "02. Ascii Sumator", "02. Ascii Sumator\02. Ascii Sumator.csproj", "{6470CEC2-21C5-4CCD-ABD4-868B9194F8C1}"
EndProject
Project("{FAE04EC0-301F-11D3-BF4B-00C04F79EFBC}") = "03. Treasure Finder", "03. Treasure Finder\03. Treasure Finder.csproj", "{8F09B3DD-554F-4148-BB8E-0FC56666A2E3}"
EndProject
Project("{FAE04EC0-301F-11D3-BF4B-00C04F79EFBC}") = "04. Morse Code Translator", "04. Morse Code Translator\04. Morse Code Translator.csproj", "{C30C4A0F-11DB-4262-BD46-BE4CC9D10801}"
EndProject
Project("{FAE04EC0-301F-11D3-BF4B-00C04F79EFBC}") = "05. HTML", "05. HTML\05. HTML.csproj", "{7A7B3F7A-50AD-4C8C-AF01-966326662E0A}"
EndProject
Global
	GlobalSection(SolutionConfigurationPlatforms) = preSolution
		Debug|Any CPU = Debug|Any CPU
		Release|Any CPU = Release|Any CPU
	EndGlobalSection
	GlobalSection(ProjectConfigurationPlatforms) = postSolution
		{9A32CDFA-E904-4ABA-85F1-21788A4B9DA6}.Debug|Any CPU.ActiveCfg = Debug|Any CPU
		{9A32CDFA-E904-4ABA-85F1-21788A4B9DA6}.Debug|Any CPU.Build.0 = Debug|Any CPU
		{9A32CDFA-E904-4ABA-85F1-21788A4B9DA6}.Release|Any CPU.ActiveCfg = Release|Any CPU
		{9A32CDFA-E904-4ABA-85F1-21788A4B9DA6}.Release|Any CPU.Build.0 = Release|Any CPU
		{6470CEC2-21C5-4CCD-ABD4-868B9194F8C1}.Debug|Any CPU.ActiveCfg = Debug|Any CPU
		{6470CEC2-21C5-4CCD-ABD4-868B9194F8C1}.Debug|Any CPU.Build.0 = Debug|Any CPU
		{6470CEC2-21C5-4CCD-ABD4-868B9194F8C1}.Release|Any CPU.ActiveCfg = Release|Any CPU
		{6470CEC2-21C5-4CCD-ABD4-868B9194F8C1}.Release|Any CPU.Build.0 = Release|Any CPU
		{8F09B3DD-554F-4148-BB8E-0FC56666A2E3}.Debug|Any CPU.ActiveCfg = Debug|Any CPU
		{8F09B3DD-554F-4148-BB8E-0FC56666A2E3}.Debug|Any CPU.Build.0 = Debug|Any CPU
		{8F09B3DD-554F-4148-BB8E-0FC56666A2E3}.Release|Any CPU.ActiveCfg = Release|Any CPU
		{8F09B3DD-554F-4148-BB8E-0FC56666A2E3}.Release|Any CPU.Build.0 = Release|Any CPU
		{C30C4A0F-11DB-4262-BD46-BE4CC9D10801}.Debug|Any CPU.ActiveCfg = Debug|Any CPU
		{C30C4A0F-11DB-4262-BD46-BE4CC9D10801}.Debug|Any CPU.Build.0 = Debug|Any CPU
		{C30C4A0F-11DB-4262-BD46-BE4CC9D10801}.Release|Any CPU.ActiveCfg = Release|Any CPU
		{C30C4A0F-11DB-4262-BD46-BE4CC9D10801}.Release|Any CPU.Build.0 = Release|Any CPU
		{7A7B3F7A-50AD-4C8C-AF01-966326662E0A}.Debug|Any CPU.ActiveCfg = Debug|Any CPU
		{7A7B3F7A-50AD-4C8C-AF01-966326662E0A}.Debug|Any CPU.Build.0 = Debug|Any CPU
		{7A7B3F7A-50AD-4C8C-AF01-966326662E0A}.Release|Any CPU.ActiveCfg = Release|Any CPU
		{7A7B3F7A-50AD-4C8C-AF01-966326662E0A}.Release|Any CPU.Build.0 = Release|Any CPU
	EndGlobalSection
	GlobalSection(SolutionProperties) = preSolution
		HideSolutionNode = FALSE
	EndGlobalSection
	GlobalSection(ExtensibilityGlobals) = postSolution
		SolutionGuid = {6004BFF6-771E-409C-9D3D-056B87A17AA4}
	EndGlobalSection
EndGlobal
