
Microsoft Visual Studio Solution File, Format Version 12.00
# Visual Studio Version 16
VisualStudioVersion = 16.0.29728.190
MinimumVisualStudioVersion = 10.0.40219.1
Project("{FAE04EC0-301F-11D3-BF4B-00C04F79EFBC}") = "01. Sort Numbers", "01. Sort Numbers\01. Sort Numbers.csproj", "{FC2F0BBF-FA6A-40DA-9756-C0B2F2799109}"
EndProject
Project("{FAE04EC0-301F-11D3-BF4B-00C04F79EFBC}") = "02. English Name of the Last Digit", "02. English Name of the Last Digit\02. English Name of the Last Digit.csproj", "{A4F22A36-BB6B-417C-8F23-E1AB38F2ED23}"
EndProject
Project("{FAE04EC0-301F-11D3-BF4B-00C04F79EFBC}") = "03. Gaming Store", "03. Gaming Store\03. Gaming Store.csproj", "{A73FCDF1-C6E8-4252-B52A-9B4A251A5D2B}"
EndProject
Project("{FAE04EC0-301F-11D3-BF4B-00C04F79EFBC}") = "04. Reverse String", "04. Reverse String\04. Reverse String.csproj", "{84B32A45-27FC-4783-851F-8DB535B7829D}"
EndProject
Project("{FAE04EC0-301F-11D3-BF4B-00C04F79EFBC}") = "05. Messages", "05. Messages\05. Messages.csproj", "{628D5309-368B-4053-B86E-658F917D7E3E}"
EndProject
Global
	GlobalSection(SolutionConfigurationPlatforms) = preSolution
		Debug|Any CPU = Debug|Any CPU
		Release|Any CPU = Release|Any CPU
	EndGlobalSection
	GlobalSection(ProjectConfigurationPlatforms) = postSolution
		{FC2F0BBF-FA6A-40DA-9756-C0B2F2799109}.Debug|Any CPU.ActiveCfg = Debug|Any CPU
		{FC2F0BBF-FA6A-40DA-9756-C0B2F2799109}.Debug|Any CPU.Build.0 = Debug|Any CPU
		{FC2F0BBF-FA6A-40DA-9756-C0B2F2799109}.Release|Any CPU.ActiveCfg = Release|Any CPU
		{FC2F0BBF-FA6A-40DA-9756-C0B2F2799109}.Release|Any CPU.Build.0 = Release|Any CPU
		{A4F22A36-BB6B-417C-8F23-E1AB38F2ED23}.Debug|Any CPU.ActiveCfg = Debug|Any CPU
		{A4F22A36-BB6B-417C-8F23-E1AB38F2ED23}.Debug|Any CPU.Build.0 = Debug|Any CPU
		{A4F22A36-BB6B-417C-8F23-E1AB38F2ED23}.Release|Any CPU.ActiveCfg = Release|Any CPU
		{A4F22A36-BB6B-417C-8F23-E1AB38F2ED23}.Release|Any CPU.Build.0 = Release|Any CPU
		{A73FCDF1-C6E8-4252-B52A-9B4A251A5D2B}.Debug|Any CPU.ActiveCfg = Debug|Any CPU
		{A73FCDF1-C6E8-4252-B52A-9B4A251A5D2B}.Debug|Any CPU.Build.0 = Debug|Any CPU
		{A73FCDF1-C6E8-4252-B52A-9B4A251A5D2B}.Release|Any CPU.ActiveCfg = Release|Any CPU
		{A73FCDF1-C6E8-4252-B52A-9B4A251A5D2B}.Release|Any CPU.Build.0 = Release|Any CPU
		{84B32A45-27FC-4783-851F-8DB535B7829D}.Debug|Any CPU.ActiveCfg = Debug|Any CPU
		{84B32A45-27FC-4783-851F-8DB535B7829D}.Debug|Any CPU.Build.0 = Debug|Any CPU
		{84B32A45-27FC-4783-851F-8DB535B7829D}.Release|Any CPU.ActiveCfg = Release|Any CPU
		{84B32A45-27FC-4783-851F-8DB535B7829D}.Release|Any CPU.Build.0 = Release|Any CPU
		{628D5309-368B-4053-B86E-658F917D7E3E}.Debug|Any CPU.ActiveCfg = Debug|Any CPU
		{628D5309-368B-4053-B86E-658F917D7E3E}.Debug|Any CPU.Build.0 = Debug|Any CPU
		{628D5309-368B-4053-B86E-658F917D7E3E}.Release|Any CPU.ActiveCfg = Release|Any CPU
		{628D5309-368B-4053-B86E-658F917D7E3E}.Release|Any CPU.Build.0 = Release|Any CPU
	EndGlobalSection
	GlobalSection(SolutionProperties) = preSolution
		HideSolutionNode = FALSE
	EndGlobalSection
	GlobalSection(ExtensibilityGlobals) = postSolution
		SolutionGuid = {3DA6C100-6A51-435E-834D-BD5BB8512CBC}
	EndGlobalSection
EndGlobal
