
Microsoft Visual Studio Solution File, Format Version 12.00
# Visual Studio Version 16
VisualStudioVersion = 16.0.29728.190
MinimumVisualStudioVersion = 10.0.40219.1
Project("{9A19103F-16F7-4668-BE54-9A1E7A4F7556}") = "01. Data Type Finder", "01. Data Type Finder\01. Data Type Finder.csproj", "{CCF57D5F-9433-4793-9132-EAE180B5ABF7}"
EndProject
Project("{9A19103F-16F7-4668-BE54-9A1E7A4F7556}") = "02. From Left to The Right", "02. From Left to The Right\02. From Left to The Right.csproj", "{72814415-144C-4803-A6A8-05043B891010}"
EndProject
Project("{9A19103F-16F7-4668-BE54-9A1E7A4F7556}") = "03. Floating Equality", "03. Floating Equality\03. Floating Equality.csproj", "{C40B88B7-E03A-4F59-877C-9DD0AF5E10BB}"
EndProject
Project("{9A19103F-16F7-4668-BE54-9A1E7A4F7556}") = "04. Refactoring Prime Checker", "04. Refactoring Prime Checker\04. Refactoring Prime Checker.csproj", "{0737313D-8E09-4828-9A5B-135459AD6C12}"
EndProject
Project("{9A19103F-16F7-4668-BE54-9A1E7A4F7556}") = "05. Decrypting Message", "05. Decrypting Message\05. Decrypting Message.csproj", "{9D0402CA-D3D7-4976-AAED-1E69EDB0C02B}"
EndProject
Project("{FAE04EC0-301F-11D3-BF4B-00C04F79EFBC}") = "06. Balanced Brackets", "06. Balanced Brackets\06. Balanced Brackets.csproj", "{C3E8E441-4912-4CD8-8750-E36ACC12F4BA}"
EndProject
Global
	GlobalSection(SolutionConfigurationPlatforms) = preSolution
		Debug|Any CPU = Debug|Any CPU
		Release|Any CPU = Release|Any CPU
	EndGlobalSection
	GlobalSection(ProjectConfigurationPlatforms) = postSolution
		{CCF57D5F-9433-4793-9132-EAE180B5ABF7}.Debug|Any CPU.ActiveCfg = Debug|Any CPU
		{CCF57D5F-9433-4793-9132-EAE180B5ABF7}.Debug|Any CPU.Build.0 = Debug|Any CPU
		{CCF57D5F-9433-4793-9132-EAE180B5ABF7}.Release|Any CPU.ActiveCfg = Release|Any CPU
		{CCF57D5F-9433-4793-9132-EAE180B5ABF7}.Release|Any CPU.Build.0 = Release|Any CPU
		{72814415-144C-4803-A6A8-05043B891010}.Debug|Any CPU.ActiveCfg = Debug|Any CPU
		{72814415-144C-4803-A6A8-05043B891010}.Debug|Any CPU.Build.0 = Debug|Any CPU
		{72814415-144C-4803-A6A8-05043B891010}.Release|Any CPU.ActiveCfg = Release|Any CPU
		{72814415-144C-4803-A6A8-05043B891010}.Release|Any CPU.Build.0 = Release|Any CPU
		{C40B88B7-E03A-4F59-877C-9DD0AF5E10BB}.Debug|Any CPU.ActiveCfg = Debug|Any CPU
		{C40B88B7-E03A-4F59-877C-9DD0AF5E10BB}.Debug|Any CPU.Build.0 = Debug|Any CPU
		{C40B88B7-E03A-4F59-877C-9DD0AF5E10BB}.Release|Any CPU.ActiveCfg = Release|Any CPU
		{C40B88B7-E03A-4F59-877C-9DD0AF5E10BB}.Release|Any CPU.Build.0 = Release|Any CPU
		{0737313D-8E09-4828-9A5B-135459AD6C12}.Debug|Any CPU.ActiveCfg = Debug|Any CPU
		{0737313D-8E09-4828-9A5B-135459AD6C12}.Debug|Any CPU.Build.0 = Debug|Any CPU
		{0737313D-8E09-4828-9A5B-135459AD6C12}.Release|Any CPU.ActiveCfg = Release|Any CPU
		{0737313D-8E09-4828-9A5B-135459AD6C12}.Release|Any CPU.Build.0 = Release|Any CPU
		{9D0402CA-D3D7-4976-AAED-1E69EDB0C02B}.Debug|Any CPU.ActiveCfg = Debug|Any CPU
		{9D0402CA-D3D7-4976-AAED-1E69EDB0C02B}.Debug|Any CPU.Build.0 = Debug|Any CPU
		{9D0402CA-D3D7-4976-AAED-1E69EDB0C02B}.Release|Any CPU.ActiveCfg = Release|Any CPU
		{9D0402CA-D3D7-4976-AAED-1E69EDB0C02B}.Release|Any CPU.Build.0 = Release|Any CPU
		{C3E8E441-4912-4CD8-8750-E36ACC12F4BA}.Debug|Any CPU.ActiveCfg = Debug|Any CPU
		{C3E8E441-4912-4CD8-8750-E36ACC12F4BA}.Debug|Any CPU.Build.0 = Debug|Any CPU
		{C3E8E441-4912-4CD8-8750-E36ACC12F4BA}.Release|Any CPU.ActiveCfg = Release|Any CPU
		{C3E8E441-4912-4CD8-8750-E36ACC12F4BA}.Release|Any CPU.Build.0 = Release|Any CPU
	EndGlobalSection
	GlobalSection(SolutionProperties) = preSolution
		HideSolutionNode = FALSE
	EndGlobalSection
	GlobalSection(ExtensibilityGlobals) = postSolution
		SolutionGuid = {B3AC318B-5971-45BD-8238-651A5204009D}
	EndGlobalSection
EndGlobal
