
Microsoft Visual Studio Solution File, Format Version 12.00
# Visual Studio Version 16
VisualStudioVersion = 16.0.29728.190
MinimumVisualStudioVersion = 10.0.40219.1
Project("{FAE04EC0-301F-11D3-BF4B-00C04F79EFBC}") = "01. Data Types", "01. Data Types\01. Data Types.csproj", "{DAF211F3-A6EE-43B0-8AC7-38CAD3E60B9C}"
EndProject
Project("{FAE04EC0-301F-11D3-BF4B-00C04F79EFBC}") = "02. Center Point", "02. Center Point\02. Center Point.csproj", "{C4F65CED-284E-4716-B8A4-F0FCAA3720FC}"
EndProject
Project("{FAE04EC0-301F-11D3-BF4B-00C04F79EFBC}") = "03. Longer Line", "03. Longer Line\03. Longer Line.csproj", "{2F4F034A-EE7D-4D42-95E4-AA9CD65E3E74}"
EndProject
Project("{FAE04EC0-301F-11D3-BF4B-00C04F79EFBC}") = "04. Tribonacci Sequence", "04. Tribonacci Sequence\04. Tribonacci Sequence.csproj", "{B9789B60-431A-49B7-B80F-9E78778602A8}"
EndProject
Project("{FAE04EC0-301F-11D3-BF4B-00C04F79EFBC}") = "05. Multiplication Sign", "05. Multiplication Sign\05. Multiplication Sign.csproj", "{9B7BCE1D-18DB-4B18-AEB1-3696E05E922E}"
EndProject
Global
	GlobalSection(SolutionConfigurationPlatforms) = preSolution
		Debug|Any CPU = Debug|Any CPU
		Release|Any CPU = Release|Any CPU
	EndGlobalSection
	GlobalSection(ProjectConfigurationPlatforms) = postSolution
		{DAF211F3-A6EE-43B0-8AC7-38CAD3E60B9C}.Debug|Any CPU.ActiveCfg = Debug|Any CPU
		{DAF211F3-A6EE-43B0-8AC7-38CAD3E60B9C}.Debug|Any CPU.Build.0 = Debug|Any CPU
		{DAF211F3-A6EE-43B0-8AC7-38CAD3E60B9C}.Release|Any CPU.ActiveCfg = Release|Any CPU
		{DAF211F3-A6EE-43B0-8AC7-38CAD3E60B9C}.Release|Any CPU.Build.0 = Release|Any CPU
		{C4F65CED-284E-4716-B8A4-F0FCAA3720FC}.Debug|Any CPU.ActiveCfg = Debug|Any CPU
		{C4F65CED-284E-4716-B8A4-F0FCAA3720FC}.Debug|Any CPU.Build.0 = Debug|Any CPU
		{C4F65CED-284E-4716-B8A4-F0FCAA3720FC}.Release|Any CPU.ActiveCfg = Release|Any CPU
		{C4F65CED-284E-4716-B8A4-F0FCAA3720FC}.Release|Any CPU.Build.0 = Release|Any CPU
		{2F4F034A-EE7D-4D42-95E4-AA9CD65E3E74}.Debug|Any CPU.ActiveCfg = Debug|Any CPU
		{2F4F034A-EE7D-4D42-95E4-AA9CD65E3E74}.Debug|Any CPU.Build.0 = Debug|Any CPU
		{2F4F034A-EE7D-4D42-95E4-AA9CD65E3E74}.Release|Any CPU.ActiveCfg = Release|Any CPU
		{2F4F034A-EE7D-4D42-95E4-AA9CD65E3E74}.Release|Any CPU.Build.0 = Release|Any CPU
		{B9789B60-431A-49B7-B80F-9E78778602A8}.Debug|Any CPU.ActiveCfg = Debug|Any CPU
		{B9789B60-431A-49B7-B80F-9E78778602A8}.Debug|Any CPU.Build.0 = Debug|Any CPU
		{B9789B60-431A-49B7-B80F-9E78778602A8}.Release|Any CPU.ActiveCfg = Release|Any CPU
		{B9789B60-431A-49B7-B80F-9E78778602A8}.Release|Any CPU.Build.0 = Release|Any CPU
		{9B7BCE1D-18DB-4B18-AEB1-3696E05E922E}.Debug|Any CPU.ActiveCfg = Debug|Any CPU
		{9B7BCE1D-18DB-4B18-AEB1-3696E05E922E}.Debug|Any CPU.Build.0 = Debug|Any CPU
		{9B7BCE1D-18DB-4B18-AEB1-3696E05E922E}.Release|Any CPU.ActiveCfg = Release|Any CPU
		{9B7BCE1D-18DB-4B18-AEB1-3696E05E922E}.Release|Any CPU.Build.0 = Release|Any CPU
	EndGlobalSection
	GlobalSection(SolutionProperties) = preSolution
		HideSolutionNode = FALSE
	EndGlobalSection
	GlobalSection(ExtensibilityGlobals) = postSolution
		SolutionGuid = {E199A5DF-11CC-4BE1-8C1E-2B0FB3316BCB}
	EndGlobalSection
EndGlobal
