
Microsoft Visual Studio Solution File, Format Version 12.00
# Visual Studio Version 16
VisualStudioVersion = 16.0.29728.190
MinimumVisualStudioVersion = 10.0.40219.1
Project("{FAE04EC0-301F-11D3-BF4B-00C04F79EFBC}") = "01. Day of Week", "01. Day of Week\01. Day of Week.csproj", "{599863B1-C03E-488C-A229-D2BAE780E50B}"
EndProject
Project("{FAE04EC0-301F-11D3-BF4B-00C04F79EFBC}") = "02. Randomize Words", "02. Randomize Words\02. Randomize Words.csproj", "{44733BCC-5839-48AB-88BA-8FDEBD98A450}"
EndProject
Project("{FAE04EC0-301F-11D3-BF4B-00C04F79EFBC}") = "03. Big Factorial", "03. Big Factorial\03. Big Factorial.csproj", "{7B3516A1-5365-4E5C-962B-238EDC14D650}"
EndProject
Project("{FAE04EC0-301F-11D3-BF4B-00C04F79EFBC}") = "04. Songs", "04. Songs\04. Songs.csproj", "{BB4FC41A-2787-4362-A856-144FEF235DC9}"
EndProject
Project("{FAE04EC0-301F-11D3-BF4B-00C04F79EFBC}") = "05. Students", "05. Students\05. Students.csproj", "{07AB962D-01AD-45F2-A04D-FD6FEFEC5649}"
EndProject
Project("{FAE04EC0-301F-11D3-BF4B-00C04F79EFBC}") = "06. Students 2.0", "06. Students 2.0\06. Students 2.0.csproj", "{23D6B124-620E-42BF-BF46-0EAD5EA37AE0}"
EndProject
Project("{FAE04EC0-301F-11D3-BF4B-00C04F79EFBC}") = "07. Store Boxes", "07. Store Boxes\07. Store Boxes.csproj", "{816917F7-BB35-4B48-A953-FA8396D092A2}"
EndProject
Project("{FAE04EC0-301F-11D3-BF4B-00C04F79EFBC}") = "08. Vehicle Catalogue", "08. Vehicle Catalogue\08. Vehicle Catalogue.csproj", "{1BFAFB1D-4677-41A5-B6E9-4643D4710FF3}"
EndProject
Global
	GlobalSection(SolutionConfigurationPlatforms) = preSolution
		Debug|Any CPU = Debug|Any CPU
		Release|Any CPU = Release|Any CPU
	EndGlobalSection
	GlobalSection(ProjectConfigurationPlatforms) = postSolution
		{599863B1-C03E-488C-A229-D2BAE780E50B}.Debug|Any CPU.ActiveCfg = Debug|Any CPU
		{599863B1-C03E-488C-A229-D2BAE780E50B}.Debug|Any CPU.Build.0 = Debug|Any CPU
		{599863B1-C03E-488C-A229-D2BAE780E50B}.Release|Any CPU.ActiveCfg = Release|Any CPU
		{599863B1-C03E-488C-A229-D2BAE780E50B}.Release|Any CPU.Build.0 = Release|Any CPU
		{44733BCC-5839-48AB-88BA-8FDEBD98A450}.Debug|Any CPU.ActiveCfg = Debug|Any CPU
		{44733BCC-5839-48AB-88BA-8FDEBD98A450}.Debug|Any CPU.Build.0 = Debug|Any CPU
		{44733BCC-5839-48AB-88BA-8FDEBD98A450}.Release|Any CPU.ActiveCfg = Release|Any CPU
		{44733BCC-5839-48AB-88BA-8FDEBD98A450}.Release|Any CPU.Build.0 = Release|Any CPU
		{7B3516A1-5365-4E5C-962B-238EDC14D650}.Debug|Any CPU.ActiveCfg = Debug|Any CPU
		{7B3516A1-5365-4E5C-962B-238EDC14D650}.Debug|Any CPU.Build.0 = Debug|Any CPU
		{7B3516A1-5365-4E5C-962B-238EDC14D650}.Release|Any CPU.ActiveCfg = Release|Any CPU
		{7B3516A1-5365-4E5C-962B-238EDC14D650}.Release|Any CPU.Build.0 = Release|Any CPU
		{BB4FC41A-2787-4362-A856-144FEF235DC9}.Debug|Any CPU.ActiveCfg = Debug|Any CPU
		{BB4FC41A-2787-4362-A856-144FEF235DC9}.Debug|Any CPU.Build.0 = Debug|Any CPU
		{BB4FC41A-2787-4362-A856-144FEF235DC9}.Release|Any CPU.ActiveCfg = Release|Any CPU
		{BB4FC41A-2787-4362-A856-144FEF235DC9}.Release|Any CPU.Build.0 = Release|Any CPU
		{07AB962D-01AD-45F2-A04D-FD6FEFEC5649}.Debug|Any CPU.ActiveCfg = Debug|Any CPU
		{07AB962D-01AD-45F2-A04D-FD6FEFEC5649}.Debug|Any CPU.Build.0 = Debug|Any CPU
		{07AB962D-01AD-45F2-A04D-FD6FEFEC5649}.Release|Any CPU.ActiveCfg = Release|Any CPU
		{07AB962D-01AD-45F2-A04D-FD6FEFEC5649}.Release|Any CPU.Build.0 = Release|Any CPU
		{23D6B124-620E-42BF-BF46-0EAD5EA37AE0}.Debug|Any CPU.ActiveCfg = Debug|Any CPU
		{23D6B124-620E-42BF-BF46-0EAD5EA37AE0}.Debug|Any CPU.Build.0 = Debug|Any CPU
		{23D6B124-620E-42BF-BF46-0EAD5EA37AE0}.Release|Any CPU.ActiveCfg = Release|Any CPU
		{23D6B124-620E-42BF-BF46-0EAD5EA37AE0}.Release|Any CPU.Build.0 = Release|Any CPU
		{816917F7-BB35-4B48-A953-FA8396D092A2}.Debug|Any CPU.ActiveCfg = Debug|Any CPU
		{816917F7-BB35-4B48-A953-FA8396D092A2}.Debug|Any CPU.Build.0 = Debug|Any CPU
		{816917F7-BB35-4B48-A953-FA8396D092A2}.Release|Any CPU.ActiveCfg = Release|Any CPU
		{816917F7-BB35-4B48-A953-FA8396D092A2}.Release|Any CPU.Build.0 = Release|Any CPU
		{1BFAFB1D-4677-41A5-B6E9-4643D4710FF3}.Debug|Any CPU.ActiveCfg = Debug|Any CPU
		{1BFAFB1D-4677-41A5-B6E9-4643D4710FF3}.Debug|Any CPU.Build.0 = Debug|Any CPU
		{1BFAFB1D-4677-41A5-B6E9-4643D4710FF3}.Release|Any CPU.ActiveCfg = Release|Any CPU
		{1BFAFB1D-4677-41A5-B6E9-4643D4710FF3}.Release|Any CPU.Build.0 = Release|Any CPU
	EndGlobalSection
	GlobalSection(SolutionProperties) = preSolution
		HideSolutionNode = FALSE
	EndGlobalSection
	GlobalSection(ExtensibilityGlobals) = postSolution
		SolutionGuid = {9CE56134-C71B-4DF9-9E3B-130EA735309C}
	EndGlobalSection
EndGlobal
