
Microsoft Visual Studio Solution File, Format Version 12.00
# Visual Studio Version 16
VisualStudioVersion = 16.0.29728.190
MinimumVisualStudioVersion = 10.0.40219.1
Project("{FAE04EC0-301F-11D3-BF4B-00C04F79EFBC}") = "01. Smallest of Three Numbers", "01. Smallest of Three Numbers\01. Smallest of Three Numbers.csproj", "{60241059-6ACF-4D9C-A352-BA63DF1A1277}"
EndProject
Project("{FAE04EC0-301F-11D3-BF4B-00C04F79EFBC}") = "02. Vowels Count", "02. Vowels Count\02. Vowels Count.csproj", "{3F8E3316-FA69-4C3A-B47F-FAE866D2049C}"
EndProject
Project("{FAE04EC0-301F-11D3-BF4B-00C04F79EFBC}") = "03. Characters in Range", "03. Characters in Range\03. Characters in Range.csproj", "{FD0B267D-1D66-464C-AEB5-755EEA310BD1}"
EndProject
Project("{FAE04EC0-301F-11D3-BF4B-00C04F79EFBC}") = "04. Password Validator", "04. Password Validator\04. Password Validator.csproj", "{DAD49412-1186-468A-8D14-366CB6DACD17}"
EndProject
Project("{FAE04EC0-301F-11D3-BF4B-00C04F79EFBC}") = "05. Add and Subtract", "05. Add and Subtract\05. Add and Subtract.csproj", "{C46D947F-3393-4F88-8F0D-613987510D5E}"
EndProject
Project("{FAE04EC0-301F-11D3-BF4B-00C04F79EFBC}") = "06. Middle Characters", "06. Middle Characters\06. Middle Characters.csproj", "{FC0FB6D9-3E35-4EEF-8419-870EE1329BFC}"
EndProject
Project("{FAE04EC0-301F-11D3-BF4B-00C04F79EFBC}") = "07. NxN Matrix", "07. NxN Matrix\07. NxN Matrix.csproj", "{20965381-DFE3-4C4F-AA51-4FCFDD240C0F}"
EndProject
Project("{FAE04EC0-301F-11D3-BF4B-00C04F79EFBC}") = "08. Factorial Division", "08. Factorial Division\08. Factorial Division.csproj", "{9816623D-B38B-403D-9DBE-EB51BB0F0943}"
EndProject
Project("{FAE04EC0-301F-11D3-BF4B-00C04F79EFBC}") = "09. Palindrome Integers", "09. Palindrome Integers\09. Palindrome Integers.csproj", "{D83EB16B-B338-4459-B4C9-E2E99694FCC5}"
EndProject
Project("{FAE04EC0-301F-11D3-BF4B-00C04F79EFBC}") = "10. Top Number", "10. Top Number\10. Top Number.csproj", "{D1906BB6-715A-4B0F-9287-1514CB6B0344}"
EndProject
Project("{FAE04EC0-301F-11D3-BF4B-00C04F79EFBC}") = "11. Array Manipulator", "11. Array Manipulator\11. Array Manipulator.csproj", "{A9594D86-ABC9-4237-BDB2-DF84FC4F3618}"
EndProject
Global
	GlobalSection(SolutionConfigurationPlatforms) = preSolution
		Debug|Any CPU = Debug|Any CPU
		Release|Any CPU = Release|Any CPU
	EndGlobalSection
	GlobalSection(ProjectConfigurationPlatforms) = postSolution
		{60241059-6ACF-4D9C-A352-BA63DF1A1277}.Debug|Any CPU.ActiveCfg = Debug|Any CPU
		{60241059-6ACF-4D9C-A352-BA63DF1A1277}.Debug|Any CPU.Build.0 = Debug|Any CPU
		{60241059-6ACF-4D9C-A352-BA63DF1A1277}.Release|Any CPU.ActiveCfg = Release|Any CPU
		{60241059-6ACF-4D9C-A352-BA63DF1A1277}.Release|Any CPU.Build.0 = Release|Any CPU
		{3F8E3316-FA69-4C3A-B47F-FAE866D2049C}.Debug|Any CPU.ActiveCfg = Debug|Any CPU
		{3F8E3316-FA69-4C3A-B47F-FAE866D2049C}.Debug|Any CPU.Build.0 = Debug|Any CPU
		{3F8E3316-FA69-4C3A-B47F-FAE866D2049C}.Release|Any CPU.ActiveCfg = Release|Any CPU
		{3F8E3316-FA69-4C3A-B47F-FAE866D2049C}.Release|Any CPU.Build.0 = Release|Any CPU
		{FD0B267D-1D66-464C-AEB5-755EEA310BD1}.Debug|Any CPU.ActiveCfg = Debug|Any CPU
		{FD0B267D-1D66-464C-AEB5-755EEA310BD1}.Debug|Any CPU.Build.0 = Debug|Any CPU
		{FD0B267D-1D66-464C-AEB5-755EEA310BD1}.Release|Any CPU.ActiveCfg = Release|Any CPU
		{FD0B267D-1D66-464C-AEB5-755EEA310BD1}.Release|Any CPU.Build.0 = Release|Any CPU
		{DAD49412-1186-468A-8D14-366CB6DACD17}.Debug|Any CPU.ActiveCfg = Debug|Any CPU
		{DAD49412-1186-468A-8D14-366CB6DACD17}.Debug|Any CPU.Build.0 = Debug|Any CPU
		{DAD49412-1186-468A-8D14-366CB6DACD17}.Release|Any CPU.ActiveCfg = Release|Any CPU
		{DAD49412-1186-468A-8D14-366CB6DACD17}.Release|Any CPU.Build.0 = Release|Any CPU
		{C46D947F-3393-4F88-8F0D-613987510D5E}.Debug|Any CPU.ActiveCfg = Debug|Any CPU
		{C46D947F-3393-4F88-8F0D-613987510D5E}.Debug|Any CPU.Build.0 = Debug|Any CPU
		{C46D947F-3393-4F88-8F0D-613987510D5E}.Release|Any CPU.ActiveCfg = Release|Any CPU
		{C46D947F-3393-4F88-8F0D-613987510D5E}.Release|Any CPU.Build.0 = Release|Any CPU
		{FC0FB6D9-3E35-4EEF-8419-870EE1329BFC}.Debug|Any CPU.ActiveCfg = Debug|Any CPU
		{FC0FB6D9-3E35-4EEF-8419-870EE1329BFC}.Debug|Any CPU.Build.0 = Debug|Any CPU
		{FC0FB6D9-3E35-4EEF-8419-870EE1329BFC}.Release|Any CPU.ActiveCfg = Release|Any CPU
		{FC0FB6D9-3E35-4EEF-8419-870EE1329BFC}.Release|Any CPU.Build.0 = Release|Any CPU
		{20965381-DFE3-4C4F-AA51-4FCFDD240C0F}.Debug|Any CPU.ActiveCfg = Debug|Any CPU
		{20965381-DFE3-4C4F-AA51-4FCFDD240C0F}.Debug|Any CPU.Build.0 = Debug|Any CPU
		{20965381-DFE3-4C4F-AA51-4FCFDD240C0F}.Release|Any CPU.ActiveCfg = Release|Any CPU
		{20965381-DFE3-4C4F-AA51-4FCFDD240C0F}.Release|Any CPU.Build.0 = Release|Any CPU
		{9816623D-B38B-403D-9DBE-EB51BB0F0943}.Debug|Any CPU.ActiveCfg = Debug|Any CPU
		{9816623D-B38B-403D-9DBE-EB51BB0F0943}.Debug|Any CPU.Build.0 = Debug|Any CPU
		{9816623D-B38B-403D-9DBE-EB51BB0F0943}.Release|Any CPU.ActiveCfg = Release|Any CPU
		{9816623D-B38B-403D-9DBE-EB51BB0F0943}.Release|Any CPU.Build.0 = Release|Any CPU
		{D83EB16B-B338-4459-B4C9-E2E99694FCC5}.Debug|Any CPU.ActiveCfg = Debug|Any CPU
		{D83EB16B-B338-4459-B4C9-E2E99694FCC5}.Debug|Any CPU.Build.0 = Debug|Any CPU
		{D83EB16B-B338-4459-B4C9-E2E99694FCC5}.Release|Any CPU.ActiveCfg = Release|Any CPU
		{D83EB16B-B338-4459-B4C9-E2E99694FCC5}.Release|Any CPU.Build.0 = Release|Any CPU
		{D1906BB6-715A-4B0F-9287-1514CB6B0344}.Debug|Any CPU.ActiveCfg = Debug|Any CPU
		{D1906BB6-715A-4B0F-9287-1514CB6B0344}.Debug|Any CPU.Build.0 = Debug|Any CPU
		{D1906BB6-715A-4B0F-9287-1514CB6B0344}.Release|Any CPU.ActiveCfg = Release|Any CPU
		{D1906BB6-715A-4B0F-9287-1514CB6B0344}.Release|Any CPU.Build.0 = Release|Any CPU
		{A9594D86-ABC9-4237-BDB2-DF84FC4F3618}.Debug|Any CPU.ActiveCfg = Debug|Any CPU
		{A9594D86-ABC9-4237-BDB2-DF84FC4F3618}.Debug|Any CPU.Build.0 = Debug|Any CPU
		{A9594D86-ABC9-4237-BDB2-DF84FC4F3618}.Release|Any CPU.ActiveCfg = Release|Any CPU
		{A9594D86-ABC9-4237-BDB2-DF84FC4F3618}.Release|Any CPU.Build.0 = Release|Any CPU
	EndGlobalSection
	GlobalSection(SolutionProperties) = preSolution
		HideSolutionNode = FALSE
	EndGlobalSection
	GlobalSection(ExtensibilityGlobals) = postSolution
		SolutionGuid = {AE0CBDA4-7CE6-4A02-BECC-71E1FB79C3C4}
	EndGlobalSection
EndGlobal
